<?xml version="1.0" encoding="utf-8"?>
<Project ToolsVersion="4.0" xmlns="http://schemas.microsoft.com/developer/msbuild/2003">
  <ItemGroup>
    <Filter Include="源文件">
      <UniqueIdentifier>{4FC737F1-C7A5-4376-A066-2A32D752A2FF}</UniqueIdentifier>
      <Extensions>cpp;c;cc;cxx;c++;cppm;ixx;def;odl;idl;hpj;bat;asm;asmx</Extensions>
    </Filter>
    <Filter Include="头文件">
      <UniqueIdentifier>{93995380-89BD-4b04-88EB-625FBE52EBFB}</UniqueIdentifier>
      <Extensions>h;hh;hpp;hxx;h++;hm;inl;inc;ipp;xsd</Extensions>
    </Filter>
    <Filter Include="资源文件">
      <UniqueIdentifier>{67DA6AB6-F800-4c08-8B7A-83BB121AAD01}</UniqueIdentifier>
      <Extensions>rc;ico;cur;bmp;dlg;rc2;rct;bin;rgs;gif;jpg;jpeg;jpe;resx;tiff;tif;png;wav;mfcribbon-ms</Extensions>
    </Filter>
  </ItemGroup>
  <ItemGroup>
    <ClInclude Include="framework.h">
      <Filter>头文件</Filter>
    </ClInclude>
    <ClInclude Include="pch.h">
      <Filter>头文件</Filter>
    </ClInclude>
  </ItemGroup>
  <ItemGroup>
    <ClCompile Include="LuaJITLib.cpp">
      <Filter>源文件</Filter>
    </ClCompile>
    <ClCompile Include="pch.cpp">
      <Filter>源文件</Filter>
    </ClCompile>
    <ClCompile Include="..\..\src\lib_aux.c">
      <Filter>源文件</Filter>
    </ClCompile>
    <ClCompile Include="..\..\src\lib_base.c">
      <Filter>源文件</Filter>
    </ClCompile>
    <ClCompile Include="..\..\src\lib_bit.c">
      <Filter>源文件</Filter>
    </ClCompile>
    <ClCompile Include="..\..\src\lib_debug.c">
      <Filter>源文件</Filter>
    </ClCompile>
    <ClCompile Include="..\..\src\lib_ffi.c">
      <Filter>源文件</Filter>
    </ClCompile>
    <ClCompile Include="..\..\src\lib_init.c">
      <Filter>源文件</Filter>
    </ClCompile>
    <ClCompile Include="..\..\src\lib_io.c">
      <Filter>源文件</Filter>
    </ClCompile>
    <ClCompile Include="..\..\src\lib_jit.c">
      <Filter>源文件</Filter>
    </ClCompile>
    <ClCompile Include="..\..\src\lib_math.c">
      <Filter>源文件</Filter>
    </ClCompile>
    <ClCompile Include="..\..\src\lib_os.c">
      <Filter>源文件</Filter>
    </ClCompile>
    <ClCompile Include="..\..\src\lib_package.c">
      <Filter>源文件</Filter>
    </ClCompile>
    <ClCompile Include="..\..\src\lib_string.c">
      <Filter>源文件</Filter>
    </ClCompile>
    <ClCompile Include="..\..\src\lib_table.c">
      <Filter>源文件</Filter>
    </ClCompile>
    <ClCompile Include="..\..\src\lj_alloc.c">
      <Filter>源文件</Filter>
    </ClCompile>
    <ClCompile Include="..\..\src\lj_api.c">
      <Filter>源文件</Filter>
    </ClCompile>
    <ClCompile Include="..\..\src\lj_asm.c">
      <Filter>源文件</Filter>
    </ClCompile>
    <ClCompile Include="..\..\src\lj_bc.c">
      <Filter>源文件</Filter>
    </ClCompile>
    <ClCompile Include="..\..\src\lj_bcread.c">
      <Filter>源文件</Filter>
    </ClCompile>
    <ClCompile Include="..\..\src\lj_bcwrite.c">
      <Filter>源文件</Filter>
    </ClCompile>
    <ClCompile Include="..\..\src\lj_buf.c">
      <Filter>源文件</Filter>
    </ClCompile>
    <ClCompile Include="..\..\src\lj_carith.c">
      <Filter>源文件</Filter>
    </ClCompile>
    <ClCompile Include="..\..\src\lj_ccall.c">
      <Filter>源文件</Filter>
    </ClCompile>
    <ClCompile Include="..\..\src\lj_ccallback.c">
      <Filter>源文件</Filter>
    </ClCompile>
    <ClCompile Include="..\..\src\lj_cconv.c">
      <Filter>源文件</Filter>
    </ClCompile>
    <ClCompile Include="..\..\src\lj_cdata.c">
      <Filter>源文件</Filter>
    </ClCompile>
    <ClCompile Include="..\..\src\lj_char.c">
      <Filter>源文件</Filter>
    </ClCompile>
    <ClCompile Include="..\..\src\lj_clib.c">
      <Filter>源文件</Filter>
    </ClCompile>
    <ClCompile Include="..\..\src\lj_cparse.c">
      <Filter>源文件</Filter>
    </ClCompile>
    <ClCompile Include="..\..\src\lj_crecord.c">
      <Filter>源文件</Filter>
    </ClCompile>
    <ClCompile Include="..\..\src\lj_ctype.c">
      <Filter>源文件</Filter>
    </ClCompile>
    <ClCompile Include="..\..\src\lj_debug.c">
      <Filter>源文件</Filter>
    </ClCompile>
    <ClCompile Include="..\..\src\lj_dispatch.c">
      <Filter>源文件</Filter>
    </ClCompile>
    <ClCompile Include="..\..\src\lj_err.c">
      <Filter>源文件</Filter>
    </ClCompile>
    <ClCompile Include="..\..\src\lj_ffrecord.c">
      <Filter>源文件</Filter>
    </ClCompile>
    <ClCompile Include="..\..\src\lj_func.c">
      <Filter>源文件</Filter>
    </ClCompile>
    <ClCompile Include="..\..\src\lj_gc.c">
      <Filter>源文件</Filter>
    </ClCompile>
    <ClCompile Include="..\..\src\lj_gdbjit.c">
      <Filter>源文件</Filter>
    </ClCompile>
    <ClCompile Include="..\..\src\lj_ir.c">
      <Filter>源文件</Filter>
    </ClCompile>
    <ClCompile Include="..\..\src\lj_lex.c">
      <Filter>源文件</Filter>
    </ClCompile>
    <ClCompile Include="..\..\src\lj_lib.c">
      <Filter>源文件</Filter>
    </ClCompile>
    <ClCompile Include="..\..\src\lj_load.c">
      <Filter>源文件</Filter>
    </ClCompile>
    <ClCompile Include="..\..\src\lj_mcode.c">
      <Filter>源文件</Filter>
    </ClCompile>
    <ClCompile Include="..\..\src\lj_meta.c">
      <Filter>源文件</Filter>
    </ClCompile>
    <ClCompile Include="..\..\src\lj_obj.c">
      <Filter>源文件</Filter>
    </ClCompile>
    <ClCompile Include="..\..\src\lj_opt_dce.c">
      <Filter>源文件</Filter>
    </ClCompile>
    <ClCompile Include="..\..\src\lj_opt_fold.c">
      <Filter>源文件</Filter>
    </ClCompile>
    <ClCompile Include="..\..\src\lj_opt_loop.c">
      <Filter>源文件</Filter>
    </ClCompile>
    <ClCompile Include="..\..\src\lj_opt_mem.c">
      <Filter>源文件</Filter>
    </ClCompile>
    <ClCompile Include="..\..\src\lj_opt_narrow.c">
      <Filter>源文件</Filter>
    </ClCompile>
    <ClCompile Include="..\..\src\lj_opt_sink.c">
      <Filter>源文件</Filter>
    </ClCompile>
    <ClCompile Include="..\..\src\lj_opt_split.c">
      <Filter>源文件</Filter>
    </ClCompile>
    <ClCompile Include="..\..\src\lj_parse.c">
      <Filter>源文件</Filter>
    </ClCompile>
    <ClCompile Include="..\..\src\lj_profile.c">
      <Filter>源文件</Filter>
    </ClCompile>
    <ClCompile Include="..\..\src\lj_record.c">
      <Filter>源文件</Filter>
    </ClCompile>
    <ClCompile Include="..\..\src\lj_snap.c">
      <Filter>源文件</Filter>
    </ClCompile>
    <ClCompile Include="..\..\src\lj_state.c">
      <Filter>源文件</Filter>
    </ClCompile>
    <ClCompile Include="..\..\src\lj_str.c">
      <Filter>源文件</Filter>
    </ClCompile>
    <ClCompile Include="..\..\src\lj_strfmt.c">
      <Filter>源文件</Filter>
    </ClCompile>
    <ClCompile Include="..\..\src\lj_strfmt_num.c">
      <Filter>源文件</Filter>
    </ClCompile>
    <ClCompile Include="..\..\src\lj_strscan.c">
      <Filter>源文件</Filter>
    </ClCompile>
    <ClCompile Include="..\..\src\lj_tab.c">
      <Filter>源文件</Filter>
    </ClCompile>
    <ClCompile Include="..\..\src\lj_trace.c">
      <Filter>源文件</Filter>
    </ClCompile>
    <ClCompile Include="..\..\src\lj_udata.c">
      <Filter>源文件</Filter>
    </ClCompile>
    <ClCompile Include="..\..\src\lj_vmevent.c">
      <Filter>源文件</Filter>
    </ClCompile>
    <ClCompile Include="..\..\src\lj_vmmath.c">
      <Filter>源文件</Filter>
    </ClCompile>
  </ItemGroup>
</Project>